
Microsoft Visual Studio Solution File, Format Version 12.00
# Visual Studio Version 16
VisualStudioVersion = 16.0.32510.428
MinimumVisualStudioVersion = 10.0.40219.1
Project("{FAE04EC0-301F-11D3-BF4B-00C04F79EFBC}") = "Calculater", "Calculater\Calculater.csproj", "{B3FA80C5-580A-4E57-9D20-DF3D9119DEBB}"
EndProject
Global
	GlobalSection(SolutionConfigurationPlatforms) = preSolution
		Debug|Any CPU = Debug|Any CPU
		Release|Any CPU = Release|Any CPU
	EndGlobalSection
	GlobalSection(ProjectConfigurationPlatforms) = postSolution
		{B3FA80C5-580A-4E57-9D20-DF3D9119DEBB}.Debug|Any CPU.ActiveCfg = Debug|Any CPU
		{B3FA80C5-580A-4E57-9D20-DF3D9119DEBB}.Debug|Any CPU.Build.0 = Debug|Any CPU
		{B3FA80C5-580A-4E57-9D20-DF3D9119DEBB}.Release|Any CPU.ActiveCfg = Release|Any CPU
		{B3FA80C5-580A-4E57-9D20-DF3D9119DEBB}.Release|Any CPU.Build.0 = Release|Any CPU
	EndGlobalSection
	GlobalSection(SolutionProperties) = preSolution
		HideSolutionNode = FALSE
	EndGlobalSection
	GlobalSection(ExtensibilityGlobals) = postSolution
		SolutionGuid = {837C16E2-C3EA-410D-AD28-4085D65C541F}
	EndGlobalSection
EndGlobal
